
Microsoft Visual Studio Solution File, Format Version 12.00
# Visual Studio Version 17
VisualStudioVersion = 17.6.33829.357
MinimumVisualStudioVersion = 10.0.40219.1
Project("{FAE04EC0-301F-11D3-BF4B-00C04F79EFBC}") = "BLBookWeb", "BLBookWeb\BLBookWeb.csproj", "{A24BEA72-9648-4482-8588-FA625E594A0D}"
EndProject
Global
	GlobalSection(SolutionConfigurationPlatforms) = preSolution
		Debug|Any CPU = Debug|Any CPU
		Release|Any CPU = Release|Any CPU
	EndGlobalSection
	GlobalSection(ProjectConfigurationPlatforms) = postSolution
		{A24BEA72-9648-4482-8588-FA625E594A0D}.Debug|Any CPU.ActiveCfg = Debug|Any CPU
		{A24BEA72-9648-4482-8588-FA625E594A0D}.Debug|Any CPU.Build.0 = Debug|Any CPU
		{A24BEA72-9648-4482-8588-FA625E594A0D}.Release|Any CPU.ActiveCfg = Release|Any CPU
		{A24BEA72-9648-4482-8588-FA625E594A0D}.Release|Any CPU.Build.0 = Release|Any CPU
	EndGlobalSection
	GlobalSection(SolutionProperties) = preSolution
		HideSolutionNode = FALSE
	EndGlobalSection
	GlobalSection(ExtensibilityGlobals) = postSolution
		SolutionGuid = {B324541E-905E-4A4F-BB9A-D73D79355933}
	EndGlobalSection
EndGlobal
